
Microsoft Visual Studio Solution File, Format Version 12.00
# Visual Studio Version 17
VisualStudioVersion = 17.1.32421.90
MinimumVisualStudioVersion = 10.0.40219.1
Project("{FAE04EC0-301F-11D3-BF4B-00C04F79EFBC}") = "Section 02 - Introduction to CSharp", "Section 02 - Introduction to CSharp\Section 02 - Introduction to CSharp.csproj", "{83A94C9A-2C5A-4AE7-AA82-AC7DB71F439A}"
EndProject
Project("{FAE04EC0-301F-11D3-BF4B-00C04F79EFBC}") = "Section 05 - Control Flow", "Section 05 - Control Flow\Section 05 - Control Flow.csproj", "{DE26DED6-CE1E-421B-9A55-B0A46597BA8B}"
EndProject
Project("{FAE04EC0-301F-11D3-BF4B-00C04F79EFBC}") = "Section 06 - Arrays and Lists", "Section 06 - Arrays and Lists\Section 06 - Arrays and Lists.csproj", "{00B9D9C7-A786-4EDF-A371-81A9F333CE3B}"
EndProject
Project("{FAE04EC0-301F-11D3-BF4B-00C04F79EFBC}") = "Section 08 - Working with Text", "Section 08 - Working with Text\Section 08 - Working with Text.csproj", "{3029BBF0-26C9-4DEF-B611-655657B6867D}"
EndProject
Global
	GlobalSection(SolutionConfigurationPlatforms) = preSolution
		Debug|Any CPU = Debug|Any CPU
		Release|Any CPU = Release|Any CPU
	EndGlobalSection
	GlobalSection(ProjectConfigurationPlatforms) = postSolution
		{83A94C9A-2C5A-4AE7-AA82-AC7DB71F439A}.Debug|Any CPU.ActiveCfg = Debug|Any CPU
		{83A94C9A-2C5A-4AE7-AA82-AC7DB71F439A}.Debug|Any CPU.Build.0 = Debug|Any CPU
		{83A94C9A-2C5A-4AE7-AA82-AC7DB71F439A}.Release|Any CPU.ActiveCfg = Release|Any CPU
		{83A94C9A-2C5A-4AE7-AA82-AC7DB71F439A}.Release|Any CPU.Build.0 = Release|Any CPU
		{DE26DED6-CE1E-421B-9A55-B0A46597BA8B}.Debug|Any CPU.ActiveCfg = Debug|Any CPU
		{DE26DED6-CE1E-421B-9A55-B0A46597BA8B}.Debug|Any CPU.Build.0 = Debug|Any CPU
		{DE26DED6-CE1E-421B-9A55-B0A46597BA8B}.Release|Any CPU.ActiveCfg = Release|Any CPU
		{DE26DED6-CE1E-421B-9A55-B0A46597BA8B}.Release|Any CPU.Build.0 = Release|Any CPU
		{00B9D9C7-A786-4EDF-A371-81A9F333CE3B}.Debug|Any CPU.ActiveCfg = Debug|Any CPU
		{00B9D9C7-A786-4EDF-A371-81A9F333CE3B}.Debug|Any CPU.Build.0 = Debug|Any CPU
		{00B9D9C7-A786-4EDF-A371-81A9F333CE3B}.Release|Any CPU.ActiveCfg = Release|Any CPU
		{00B9D9C7-A786-4EDF-A371-81A9F333CE3B}.Release|Any CPU.Build.0 = Release|Any CPU
		{3029BBF0-26C9-4DEF-B611-655657B6867D}.Debug|Any CPU.ActiveCfg = Debug|Any CPU
		{3029BBF0-26C9-4DEF-B611-655657B6867D}.Debug|Any CPU.Build.0 = Debug|Any CPU
		{3029BBF0-26C9-4DEF-B611-655657B6867D}.Release|Any CPU.ActiveCfg = Release|Any CPU
		{3029BBF0-26C9-4DEF-B611-655657B6867D}.Release|Any CPU.Build.0 = Release|Any CPU
	EndGlobalSection
	GlobalSection(SolutionProperties) = preSolution
		HideSolutionNode = FALSE
	EndGlobalSection
	GlobalSection(ExtensibilityGlobals) = postSolution
		SolutionGuid = {46D99365-E85F-4C66-B96D-C8DD566375A8}
	EndGlobalSection
EndGlobal
